<Solution>
  <Folder Name="/Backend/">
    <Project Path="Forge.Api/Forge.Api.csproj" />
    <Project Path="Forge.Application/Forge.Application.csproj" />
    <Project Path="Forge.Domain/Forge.Domain.csproj" />
    <Project Path="Forge.Infrastructure/Forge.Infrastructure.csproj" Id="b080c665-5c91-4606-a3c3-a36478d5a1ce" />
  </Folder>
  <Folder Name="/Frontend/">
    <Project Path="../frontend/Forge.Frontend.esproj">
      <Build />
      <Deploy />
    </Project>
  </Folder>
  <Project Path="../docker-compose.dcproj" Id="81dded9d-158b-e303-5f62-77a2896d2a5a">
    <Build />
  </Project>
</Solution>
